// !$*UTF8*$!
{
	archiveVersion = 1;
	classes = {
	};
	objectVersion = 56;
	objects = {

/* Begin PBXBuildFile section */
		1E106EC02AB4762600FA6A6E /* AI_TriviaApp.swift in Sources */ = {isa = PBXBuildFile; fileRef = 1E106EBF2AB4762600FA6A6E /* AI_TriviaApp.swift */; };
		1E106EC22AB4762600FA6A6E /* ContentView.swift in Sources */ = {isa = PBXBuildFile; fileRef = 1E106EC12AB4762600FA6A6E /* ContentView.swift */; };
		1E106EC42AB4762700FA6A6E /* Assets.xcassets in Resources */ = {isa = PBXBuildFile; fileRef = 1E106EC32AB4762700FA6A6E /* Assets.xcassets */; };
		1E106EC72AB4762700FA6A6E /* Preview Assets.xcassets in Resources */ = {isa = PBXBuildFile; fileRef = 1E106EC62AB4762700FA6A6E /* Preview Assets.xcassets */; };
		1E106ED12AB4762700FA6A6E /* AI_TriviaTests.swift in Sources */ = {isa = PBXBuildFile; fileRef = 1E106ED02AB4762700FA6A6E /* AI_TriviaTests.swift */; };
		1E106EDB2AB4762700FA6A6E /* AI_TriviaUITests.swift in Sources */ = {isa = PBXBuildFile; fileRef = 1E106EDA2AB4762700FA6A6E /* AI_TriviaUITests.swift */; };
		1E106EDD2AB4762700FA6A6E /* AI_TriviaUITestsLaunchTests.swift in Sources */ = {isa = PBXBuildFile; fileRef = 1E106EDC2AB4762700FA6A6E /* AI_TriviaUITestsLaunchTests.swift */; };
/* End PBXBuildFile section */

/* Begin PBXContainerItemProxy section */
		1E106ECD2AB4762700FA6A6E /* PBXContainerItemProxy */ = {
			isa = PBXContainerItemProxy;
			containerPortal = 1E106EB42AB4762600FA6A6E /* Project object */;
			proxyType = 1;
			remoteGlobalIDString = 1E106EBB2AB4762600FA6A6E;
			remoteInfo = "AI Trivia";
		};
		1E106ED72AB4762700FA6A6E /* PBXContainerItemProxy */ = {
			isa = PBXContainerItemProxy;
			containerPortal = 1E106EB42AB4762600FA6A6E /* Project object */;
			proxyType = 1;
			remoteGlobalIDString = 1E106EBB2AB4762600FA6A6E;
			remoteInfo = "AI Trivia";
		};
/* End PBXContainerItemProxy section */

/* Begin PBXFileReference section */
		1E106EBC2AB4762600FA6A6E /* AI Trivia.app */ = {isa = PBXFileReference; explicitFileType = wrapper.application; includeInIndex = 0; path = "AI Trivia.app"; sourceTree = BUILT_PRODUCTS_DIR; };
		1E106EBF2AB4762600FA6A6E /* AI_TriviaApp.swift */ = {isa = PBXFileReference; lastKnownFileType = sourcecode.swift; path = AI_TriviaApp.swift; sourceTree = "<group>"; };
		1E106EC12AB4762600FA6A6E /* ContentView.swift */ = {isa = PBXFileReference; lastKnownFileType = sourcecode.swift; path = ContentView.swift; sourceTree = "<group>"; };
		1E106EC32AB4762700FA6A6E /* Assets.xcassets */ = {isa = PBXFileReference; lastKnownFileType = folder.assetcatalog; path = Assets.xcassets; sourceTree = "<group>"; };
		1E106EC62AB4762700FA6A6E /* Preview Assets.xcassets */ = {isa = PBXFileReference; lastKnownFileType = folder.assetcatalog; path = "Preview Assets.xcassets"; sourceTree = "<group>"; };
		1E106ECC2AB4762700FA6A6E /* AI TriviaTests.xctest */ = {isa = PBXFileReference; explicitFileType = wrapper.cfbundle; includeInIndex = 0; path = "AI TriviaTests.xctest"; sourceTree = BUILT_PRODUCTS_DIR; };
		1E106ED02AB4762700FA6A6E /* AI_TriviaTests.swift */ = {isa = PBXFileReference; lastKnownFileType = sourcecode.swift; path = AI_TriviaTests.swift; sourceTree = "<group>"; };
		1E106ED62AB4762700FA6A6E /* AI TriviaUITests.xctest */ = {isa = PBXFileReference; explicitFileType = wrapper.cfbundle; includeInIndex = 0; path = "AI TriviaUITests.xctest"; sourceTree = BUILT_PRODUCTS_DIR; };
		1E106EDA2AB4762700FA6A6E /* AI_TriviaUITests.swift */ = {isa = PBXFileReference; lastKnownFileType = sourcecode.swift; path = AI_TriviaUITests.swift; sourceTree = "<group>"; };
		1E106EDC2AB4762700FA6A6E /* AI_TriviaUITestsLaunchTests.swift */ = {isa = PBXFileReference; lastKnownFileType = sourcecode.swift; path = AI_TriviaUITestsLaunchTests.swift; sourceTree = "<group>"; };
/* End PBXFileReference section */

/* Begin PBXFrameworksBuildPhase section */
		1E106EB92AB4762600FA6A6E /* Frameworks */ = {
			isa = PBXFrameworksBuildPhase;
			buildActionMask = 2147483647;
			files = (
			);
			runOnlyForDeploymentPostprocessing = 0;
		};
		1E106EC92AB4762700FA6A6E /* Frameworks */ = {
			isa = PBXFrameworksBuildPhase;
			buildActionMask = 2147483647;
			files = (
			);
			runOnlyForDeploymentPostprocessing = 0;
		};
		1E106ED32AB4762700FA6A6E /* Frameworks */ = {
			isa = PBXFrameworksBuildPhase;
			buildActionMask = 2147483647;
			files = (
			);
			runOnlyForDeploymentPostprocessing = 0;
		};
/* End PBXFrameworksBuildPhase section */

/* Begin PBXGroup section */
		1E106EB32AB4762600FA6A6E = {
			isa = PBXGroup;
			children = (
				1E106EBE2AB4762600FA6A6E /* AI Trivia */,
				1E106ECF2AB4762700FA6A6E /* AI TriviaTests */,
				1E106ED92AB4762700FA6A6E /* AI TriviaUITests */,
				1E106EBD2AB4762600FA6A6E /* Products */,
			);
			sourceTree = "<group>";
		};
		1E106EBD2AB4762600FA6A6E /* Products */ = {
			isa = PBXGroup;
			children = (
				1E106EBC2AB4762600FA6A6E /* AI Trivia.app */,
				1E106ECC2AB4762700FA6A6E /* AI TriviaTests.xctest */,
				1E106ED62AB4762700FA6A6E /* AI TriviaUITests.xctest */,
			);
			name = Products;
			sourceTree = "<group>";
		};
		1E106EBE2AB4762600FA6A6E /* AI Trivia */ = {
			isa = PBXGroup;
			children = (
				1E106EBF2AB4762600FA6A6E /* AI_TriviaApp.swift */,
				1E106EC12AB4762600FA6A6E /* ContentView.swift */,
				1E106EC32AB4762700FA6A6E /* Assets.xcassets */,
				1E106EC52AB4762700FA6A6E /* Preview Content */,
			);
			path = "AI Trivia";
			sourceTree = "<group>";
		};
		1E106EC52AB4762700FA6A6E /* Preview Content */ = {
			isa = PBXGroup;
			children = (
				1E106EC62AB4762700FA6A6E /* Preview Assets.xcassets */,
			);
			path = "Preview Content";
			sourceTree = "<group>";
		};
		1E106ECF2AB4762700FA6A6E /* AI TriviaTests */ = {
			isa = PBXGroup;
			children = (
				1E106ED02AB4762700FA6A6E /* AI_TriviaTests.swift */,
			);
			path = "AI TriviaTests";
			sourceTree = "<group>";
		};
		1E106ED92AB4762700FA6A6E /* AI TriviaUITests */ = {
			isa = PBXGroup;
			children = (
				1E106EDA2AB4762700FA6A6E /* AI_TriviaUITests.swift */,
				1E106EDC2AB4762700FA6A6E /* AI_TriviaUITestsLaunchTests.swift */,
			);
			path = "AI TriviaUITests";
			sourceTree = "<group>";
		};
/* End PBXGroup section */

/* Begin PBXNativeTarget section */
		1E106EBB2AB4762600FA6A6E /* AI Trivia */ = {
			isa = PBXNativeTarget;
			buildConfigurationList = 1E106EE02AB4762700FA6A6E /* Build configuration list for PBXNativeTarget "AI Trivia" */;
			buildPhases = (
				1E106EB82AB4762600FA6A6E /* Sources */,
				1E106EB92AB4762600FA6A6E /* Frameworks */,
				1E106EBA2AB4762600FA6A6E /* Resources */,
			);
			buildRules = (
			);
			dependencies = (
			);
			name = "AI Trivia";
			productName = "AI Trivia";
			productReference = 1E106EBC2AB4762600FA6A6E /* AI Trivia.app */;
			productType = "com.apple.product-type.application";
		};
		1E106ECB2AB4762700FA6A6E /* AI TriviaTests */ = {
			isa = PBXNativeTarget;
			buildConfigurationList = 1E106EE32AB4762700FA6A6E /* Build configuration list for PBXNativeTarget "AI TriviaTests" */;
			buildPhases = (
				1E106EC82AB4762700FA6A6E /* Sources */,
				1E106EC92AB4762700FA6A6E /* Frameworks */,
				1E106ECA2AB4762700FA6A6E /* Resources */,
			);
			buildRules = (
			);
			dependencies = (
				1E106ECE2AB4762700FA6A6E /* PBXTargetDependency */,
			);
			name = "AI TriviaTests";
			productName = "AI TriviaTests";
			productReference = 1E106ECC2AB4762700FA6A6E /* AI TriviaTests.xctest */;
			productType = "com.apple.product-type.bundle.unit-test";
		};
		1E106ED52AB4762700FA6A6E /* AI TriviaUITests */ = {
			isa = PBXNativeTarget;
			buildConfigurationList = 1E106EE62AB4762700FA6A6E /* Build configuration list for PBXNativeTarget "AI TriviaUITests" */;
			buildPhases = (
				1E106ED22AB4762700FA6A6E /* Sources */,
				1E106ED32AB4762700FA6A6E /* Frameworks */,
				1E106ED42AB4762700FA6A6E /* Resources */,
			);
			buildRules = (
			);
			dependencies = (
				1E106ED82AB4762700FA6A6E /* PBXTargetDependency */,
			);
			name = "AI TriviaUITests";
			productName = "AI TriviaUITests";
			productReference = 1E106ED62AB4762700FA6A6E /* AI TriviaUITests.xctest */;
			productType = "com.apple.product-type.bundle.ui-testing";
		};
/* End PBXNativeTarget section */

/* Begin PBXProject section */
		1E106EB42AB4762600FA6A6E /* Project object */ = {
			isa = PBXProject;
			attributes = {
				BuildIndependentTargetsInParallel = 1;
				LastSwiftUpdateCheck = 1430;
				LastUpgradeCheck = 1430;
				TargetAttributes = {
					1E106EBB2AB4762600FA6A6E = {
						CreatedOnToolsVersion = 14.3.1;
					};
					1E106ECB2AB4762700FA6A6E = {
						CreatedOnToolsVersion = 14.3.1;
						TestTargetID = 1E106EBB2AB4762600FA6A6E;
					};
					1E106ED52AB4762700FA6A6E = {
						CreatedOnToolsVersion = 14.3.1;
						TestTargetID = 1E106EBB2AB4762600FA6A6E;
					};
				};
			};
			buildConfigurationList = 1E106EB72AB4762600FA6A6E /* Build configuration list for PBXProject "AI Trivia" */;
			compatibilityVersion = "Xcode 14.0";
			developmentRegion = en;
			hasScannedForEncodings = 0;
			knownRegions = (
				en,
				Base,
			);
			mainGroup = 1E106EB32AB4762600FA6A6E;
			productRefGroup = 1E106EBD2AB4762600FA6A6E /* Products */;
			projectDirPath = "";
			projectRoot = "";
			targets = (
				1E106EBB2AB4762600FA6A6E /* AI Trivia */,
				1E106ECB2AB4762700FA6A6E /* AI TriviaTests */,
				1E106ED52AB4762700FA6A6E /* AI TriviaUITests */,
			);
		};
/* End PBXProject section */

/* Begin PBXResourcesBuildPhase section */
		1E106EBA2AB4762600FA6A6E /* Resources */ = {
			isa = PBXResourcesBuildPhase;
			buildActionMask = 2147483647;
			files = (
				1E106EC72AB4762700FA6A6E /* Preview Assets.xcassets in Resources */,
				1E106EC42AB4762700FA6A6E /* Assets.xcassets in Resources */,
			);
			runOnlyForDeploymentPostprocessing = 0;
		};
		1E106ECA2AB4762700FA6A6E /* Resources */ = {
			isa = PBXResourcesBuildPhase;
			buildActionMask = 2147483647;
			files = (
			);
			runOnlyForDeploymentPostprocessing = 0;
		};
		1E106ED42AB4762700FA6A6E /* Resources */ = {
			isa = PBXResourcesBuildPhase;
			buildActionMask = 2147483647;
			files = (
			);
			runOnlyForDeploymentPostprocessing = 0;
		};
/* End PBXResourcesBuildPhase section */

/* Begin PBXSourcesBuildPhase section */
		1E106EB82AB4762600FA6A6E /* Sources */ = {
			isa = PBXSourcesBuildPhase;
			buildActionMask = 2147483647;
			files = (
				1E106EC22AB4762600FA6A6E /* ContentView.swift in Sources */,
				1E106EC02AB4762600FA6A6E /* AI_TriviaApp.swift in Sources */,
			);
			runOnlyForDeploymentPostprocessing = 0;
		};
		1E106EC82AB4762700FA6A6E /* Sources */ = {
			isa = PBXSourcesBuildPhase;
			buildActionMask = 2147483647;
			files = (
				1E106ED12AB4762700FA6A6E /* AI_TriviaTests.swift in Sources */,
			);
			runOnlyForDeploymentPostprocessing = 0;
		};
		1E106ED22AB4762700FA6A6E /* Sources */ = {
			isa = PBXSourcesBuildPhase;
			buildActionMask = 2147483647;
			files = (
				1E106EDB2AB4762700FA6A6E /* AI_TriviaUITests.swift in Sources */,
				1E106EDD2AB4762700FA6A6E /* AI_TriviaUITestsLaunchTests.swift in Sources */,
			);
			runOnlyForDeploymentPostprocessing = 0;
		};
/* End PBXSourcesBuildPhase section */

/* Begin PBXTargetDependency section */
		1E106ECE2AB4762700FA6A6E /* PBXTargetDependency */ = {
			isa = PBXTargetDependency;
			target = 1E106EBB2AB4762600FA6A6E /* AI Trivia */;
			targetProxy = 1E106ECD2AB4762700FA6A6E /* PBXContainerItemProxy */;
		};
		1E106ED82AB4762700FA6A6E /* PBXTargetDependency */ = {
			isa = PBXTargetDependency;
			target = 1E106EBB2AB4762600FA6A6E /* AI Trivia */;
			targetProxy = 1E106ED72AB4762700FA6A6E /* PBXContainerItemProxy */;
		};
/* End PBXTargetDependency section */

/* Begin XCBuildConfiguration section */
		1E106EDE2AB4762700FA6A6E /* Debug */ = {
			isa = XCBuildConfiguration;
			buildSettings = {
				ALWAYS_SEARCH_USER_PATHS = NO;
				CLANG_ANALYZER_NONNULL = YES;
				CLANG_ANALYZER_NUMBER_OBJECT_CONVERSION = YES_AGGRESSIVE;
				CLANG_CXX_LANGUAGE_STANDARD = "gnu++20";
				CLANG_ENABLE_MODULES = YES;
				CLANG_ENABLE_OBJC_ARC = YES;
				CLANG_ENABLE_OBJC_WEAK = YES;
				CLANG_WARN_BLOCK_CAPTURE_AUTORELEASING = YES;
				CLANG_WARN_BOOL_CONVERSION = YES;
				CLANG_WARN_COMMA = YES;
				CLANG_WARN_CONSTANT_CONVERSION = YES;
				CLANG_WARN_DEPRECATED_OBJC_IMPLEMENTATIONS = YES;
				CLANG_WARN_DIRECT_OBJC_ISA_USAGE = YES_ERROR;
				CLANG_WARN_DOCUMENTATION_COMMENTS = YES;
				CLANG_WARN_EMPTY_BODY = YES;
				CLANG_WARN_ENUM_CONVERSION = YES;
				CLANG_WARN_INFINITE_RECURSION = YES;
				CLANG_WARN_INT_CONVERSION = YES;
				CLANG_WARN_NON_LITERAL_NULL_CONVERSION = YES;
				CLANG_WARN_OBJC_IMPLICIT_RETAIN_SELF = YES;
				CLANG_WARN_OBJC_LITERAL_CONVERSION = YES;
				CLANG_WARN_OBJC_ROOT_CLASS = YES_ERROR;
				CLANG_WARN_QUOTED_INCLUDE_IN_FRAMEWORK_HEADER = YES;
				CLANG_WARN_RANGE_LOOP_ANALYSIS = YES;
				CLANG_WARN_STRICT_PROTOTYPES = YES;
				CLANG_WARN_SUSPICIOUS_MOVE = YES;
				CLANG_WARN_UNGUARDED_AVAILABILITY = YES_AGGRESSIVE;
				CLANG_WARN_UNREACHABLE_CODE = YES;
				CLANG_WARN__DUPLICATE_METHOD_MATCH = YES;
				COPY_PHASE_STRIP = NO;
				DEBUG_INFORMATION_FORMAT = dwarf;
				ENABLE_STRICT_OBJC_MSGSEND = YES;
				ENABLE_TESTABILITY = YES;
				GCC_C_LANGUAGE_STANDARD = gnu11;
				GCC_DYNAMIC_NO_PIC = NO;
				GCC_NO_COMMON_BLOCKS = YES;
				GCC_OPTIMIZATION_LEVEL = 0;
				GCC_PREPROCESSOR_DEFINITIONS = (
					"DEBUG=1",
					"$(inherited)",
				);
				GCC_WARN_64_TO_32_BIT_CONVERSION = YES;
				GCC_WARN_ABOUT_RETURN_TYPE = YES_ERROR;
				GCC_WARN_UNDECLARED_SELECTOR = YES;
				GCC_WARN_UNINITIALIZED_AUTOS = YES_AGGRESSIVE;
				GCC_WARN_UNUSED_FUNCTION = YES;
				GCC_WARN_UNUSED_VARIABLE = YES;
				IPHONEOS_DEPLOYMENT_TARGET = 16.4;
				MTL_ENABLE_DEBUG_INFO = INCLUDE_SOURCE;
				MTL_FAST_MATH = YES;
				ONLY_ACTIVE_ARCH = YES;
				SDKROOT = iphoneos;
				SWIFT_ACTIVE_COMPILATION_CONDITIONS = DEBUG;
				SWIFT_OPTIMIZATION_LEVEL = "-Onone";
			};
			name = Debug;
		};
		1E106EDF2AB4762700FA6A6E /* Release */ = {
			isa = XCBuildConfiguration;
			buildSettings = {
				ALWAYS_SEARCH_USER_PATHS = NO;
				CLANG_ANALYZER_NONNULL = YES;
				CLANG_ANALYZER_NUMBER_OBJECT_CONVERSION = YES_AGGRESSIVE;
				CLANG_CXX_LANGUAGE_STANDARD = "gnu++20";
				CLANG_ENABLE_MODULES = YES;
				CLANG_ENABLE_OBJC_ARC = YES;
				CLANG_ENABLE_OBJC_WEAK = YES;
				CLANG_WARN_BLOCK_CAPTURE_AUTORELEASING = YES;
				CLANG_WARN_BOOL_CONVERSION = YES;
				CLANG_WARN_COMMA = YES;
				CLANG_WARN_CONSTANT_CONVERSION = YES;
				CLANG_WARN_DEPRECATED_OBJC_IMPLEMENTATIONS = YES;
				CLANG_WARN_DIRECT_OBJC_ISA_USAGE = YES_ERROR;
				CLANG_WARN_DOCUMENTATION_COMMENTS = YES;
				CLANG_WARN_EMPTY_BODY = YES;
				CLANG_WARN_ENUM_CONVERSION = YES;
				CLANG_WARN_INFINITE_RECURSION = YES;
				CLANG_WARN_INT_CONVERSION = YES;
				CLANG_WARN_NON_LITERAL_NULL_CONVERSION = YES;
				CLANG_WARN_OBJC_IMPLICIT_RETAIN_SELF = YES;
				CLANG_WARN_OBJC_LITERAL_CONVERSION = YES;
				CLANG_WARN_OBJC_ROOT_CLASS = YES_ERROR;
				CLANG_WARN_QUOTED_INCLUDE_IN_FRAMEWORK_HEADER = YES;
				CLANG_WARN_RANGE_LOOP_ANALYSIS = YES;
				CLANG_WARN_STRICT_PROTOTYPES = YES;
				CLANG_WARN_SUSPICIOUS_MOVE = YES;
				CLANG_WARN_UNGUARDED_AVAILABILITY = YES_AGGRESSIVE;
				CLANG_WARN_UNREACHABLE_CODE = YES;
				CLANG_WARN__DUPLICATE_METHOD_MATCH = YES;
				COPY_PHASE_STRIP = NO;
				DEBUG_INFORMATION_FORMAT = "dwarf-with-dsym";
				ENABLE_NS_ASSERTIONS = NO;
				ENABLE_STRICT_OBJC_MSGSEND = YES;
				GCC_C_LANGUAGE_STANDARD = gnu11;
				GCC_NO_COMMON_BLOCKS = YES;
				GCC_WARN_64_TO_32_BIT_CONVERSION = YES;
				GCC_WARN_ABOUT_RETURN_TYPE = YES_ERROR;
				GCC_WARN_UNDECLARED_SELECTOR = YES;
				GCC_WARN_UNINITIALIZED_AUTOS = YES_AGGRESSIVE;
				GCC_WARN_UNUSED_FUNCTION = YES;
				GCC_WARN_UNUSED_VARIABLE = YES;
				IPHONEOS_DEPLOYMENT_TARGET = 16.4;
				MTL_ENABLE_DEBUG_INFO = NO;
				MTL_FAST_MATH = YES;
				SDKROOT = iphoneos;
				SWIFT_COMPILATION_MODE = wholemodule;
				SWIFT_OPTIMIZATION_LEVEL = "-O";
				VALIDATE_PRODUCT = YES;
			};
			name = Release;
		};
		1E106EE12AB4762700FA6A6E /* Debug */ = {
			isa = XCBuildConfiguration;
			buildSettings = {
				ASSETCATALOG_COMPILER_APPICON_NAME = AppIcon;
				ASSETCATALOG_COMPILER_GLOBAL_ACCENT_COLOR_NAME = AccentColor;
				CODE_SIGN_STYLE = Automatic;
				CURRENT_PROJECT_VERSION = 1;
				DEVELOPMENT_ASSET_PATHS = "\"AI Trivia/Preview Content\"";
				DEVELOPMENT_TEAM = YYA8WP4LNJ;
				ENABLE_PREVIEWS = YES;
				GENERATE_INFOPLIST_FILE = YES;
				INFOPLIST_KEY_UIApplicationSceneManifest_Generation = YES;
				INFOPLIST_KEY_UIApplicationSupportsIndirectInputEvents = YES;
				INFOPLIST_KEY_UILaunchScreen_Generation = YES;
				INFOPLIST_KEY_UISupportedInterfaceOrientations_iPad = "UIInterfaceOrientationPortrait UIInterfaceOrientationPortraitUpsideDown UIInterfaceOrientationLandscapeLeft UIInterfaceOrientationLandscapeRight";
				INFOPLIST_KEY_UISupportedInterfaceOrientations_iPhone = "UIInterfaceOrientationPortrait UIInterfaceOrientationLandscapeLeft UIInterfaceOrientationLandscapeRight";
				LD_RUNPATH_SEARCH_PATHS = (
					"$(inherited)",
					"@executable_path/Frameworks",
				);
				MARKETING_VERSION = 1.0;
				PRODUCT_BUNDLE_IDENTIFIER = "com.ifeanyi.AI-Trivia";
				PRODUCT_NAME = "$(TARGET_NAME)";
				SWIFT_EMIT_LOC_STRINGS = YES;
				SWIFT_VERSION = 5.0;
				TARGETED_DEVICE_FAMILY = "1,2";
			};
			name = Debug;
		};
		1E106EE22AB4762700FA6A6E /* Release */ = {
			isa = XCBuildConfiguration;
			buildSettings = {
				ASSETCATALOG_COMPILER_APPICON_NAME = AppIcon;
				ASSETCATALOG_COMPILER_GLOBAL_ACCENT_COLOR_NAME = AccentColor;
				CODE_SIGN_STYLE = Automatic;
				CURRENT_PROJECT_VERSION = 1;
				DEVELOPMENT_ASSET_PATHS = "\"AI Trivia/Preview Content\"";
				DEVELOPMENT_TEAM = YYA8WP4LNJ;
				ENABLE_PREVIEWS = YES;
				GENERATE_INFOPLIST_FILE = YES;
				INFOPLIST_KEY_UIApplicationSceneManifest_Generation = YES;
				INFOPLIST_KEY_UIApplicationSupportsIndirectInputEvents = YES;
				INFOPLIST_KEY_UILaunchScreen_Generation = YES;
				INFOPLIST_KEY_UISupportedInterfaceOrientations_iPad = "UIInterfaceOrientationPortrait UIInterfaceOrientationPortraitUpsideDown UIInterfaceOrientationLandscapeLeft UIInterfaceOrientationLandscapeRight";
				INFOPLIST_KEY_UISupportedInterfaceOrientations_iPhone = "UIInterfaceOrientationPortrait UIInterfaceOrientationLandscapeLeft UIInterfaceOrientationLandscapeRight";
				LD_RUNPATH_SEARCH_PATHS = (
					"$(inherited)",
					"@executable_path/Frameworks",
				);
				MARKETING_VERSION = 1.0;
				PRODUCT_BUNDLE_IDENTIFIER = "com.ifeanyi.AI-Trivia";
				PRODUCT_NAME = "$(TARGET_NAME)";
				SWIFT_EMIT_LOC_STRINGS = YES;
				SWIFT_VERSION = 5.0;
				TARGETED_DEVICE_FAMILY = "1,2";
			};
			name = Release;
		};
		1E106EE42AB4762700FA6A6E /* Debug */ = {
			isa = XCBuildConfiguration;
			buildSettings = {
				ALWAYS_EMBED_SWIFT_STANDARD_LIBRARIES = YES;
				BUNDLE_LOADER = "$(TEST_HOST)";
				CODE_SIGN_STYLE = Automatic;
				CURRENT_PROJECT_VERSION = 1;
				DEVELOPMENT_TEAM = YYA8WP4LNJ;
				GENERATE_INFOPLIST_FILE = YES;
				IPHONEOS_DEPLOYMENT_TARGET = 16.4;
				MARKETING_VERSION = 1.0;
				PRODUCT_BUNDLE_IDENTIFIER = "com.ifeanyi.AI-TriviaTests";
				PRODUCT_NAME = "$(TARGET_NAME)";
				SWIFT_EMIT_LOC_STRINGS = NO;
				SWIFT_VERSION = 5.0;
				TARGETED_DEVICE_FAMILY = "1,2";
				TEST_HOST = "$(BUILT_PRODUCTS_DIR)/AI Trivia.app/$(BUNDLE_EXECUTABLE_FOLDER_PATH)/AI Trivia";
			};
			name = Debug;
		};
		1E106EE52AB4762700FA6A6E /* Release */ = {
			isa = XCBuildConfiguration;
			buildSettings = {
				ALWAYS_EMBED_SWIFT_STANDARD_LIBRARIES = YES;
				BUNDLE_LOADER = "$(TEST_HOST)";
				CODE_SIGN_STYLE = Automatic;
				CURRENT_PROJECT_VERSION = 1;
				DEVELOPMENT_TEAM = YYA8WP4LNJ;
				GENERATE_INFOPLIST_FILE = YES;
				IPHONEOS_DEPLOYMENT_TARGET = 16.4;
				MARKETING_VERSION = 1.0;
				PRODUCT_BUNDLE_IDENTIFIER = "com.ifeanyi.AI-TriviaTests";
				PRODUCT_NAME = "$(TARGET_NAME)";
				SWIFT_EMIT_LOC_STRINGS = NO;
				SWIFT_VERSION = 5.0;
				TARGETED_DEVICE_FAMILY = "1,2";
				TEST_HOST = "$(BUILT_PRODUCTS_DIR)/AI Trivia.app/$(BUNDLE_EXECUTABLE_FOLDER_PATH)/AI Trivia";
			};
			name = Release;
		};
		1E106EE72AB4762700FA6A6E /* Debug */ = {
			isa = XCBuildConfiguration;
			buildSettings = {
				ALWAYS_EMBED_SWIFT_STANDARD_LIBRARIES = YES;
				CODE_SIGN_STYLE = Automatic;
				CURRENT_PROJECT_VERSION = 1;
				DEVELOPMENT_TEAM = YYA8WP4LNJ;
				GENERATE_INFOPLIST_FILE = YES;
				MARKETING_VERSION = 1.0;
				PRODUCT_BUNDLE_IDENTIFIER = "com.ifeanyi.AI-TriviaUITests";
				PRODUCT_NAME = "$(TARGET_NAME)";
				SWIFT_EMIT_LOC_STRINGS = NO;
				SWIFT_VERSION = 5.0;
				TARGETED_DEVICE_FAMILY = "1,2";
				TEST_TARGET_NAME = "AI Trivia";
			};
			name = Debug;
		};
		1E106EE82AB4762700FA6A6E /* Release */ = {
			isa = XCBuildConfiguration;
			buildSettings = {
				ALWAYS_EMBED_SWIFT_STANDARD_LIBRARIES = YES;
				CODE_SIGN_STYLE = Automatic;
				CURRENT_PROJECT_VERSION = 1;
				DEVELOPMENT_TEAM = YYA8WP4LNJ;
				GENERATE_INFOPLIST_FILE = YES;
				MARKETING_VERSION = 1.0;
				PRODUCT_BUNDLE_IDENTIFIER = "com.ifeanyi.AI-TriviaUITests";
				PRODUCT_NAME = "$(TARGET_NAME)";
				SWIFT_EMIT_LOC_STRINGS = NO;
				SWIFT_VERSION = 5.0;
				TARGETED_DEVICE_FAMILY = "1,2";
				TEST_TARGET_NAME = "AI Trivia";
			};
			name = Release;
		};
/* End XCBuildConfiguration section */

/* Begin XCConfigurationList section */
		1E106EB72AB4762600FA6A6E /* Build configuration list for PBXProject "AI Trivia" */ = {
			isa = XCConfigurationList;
			buildConfigurations = (
				1E106EDE2AB4762700FA6A6E /* Debug */,
				1E106EDF2AB4762700FA6A6E /* Release */,
			);
			defaultConfigurationIsVisible = 0;
			defaultConfigurationName = Release;
		};
		1E106EE02AB4762700FA6A6E /* Build configuration list for PBXNativeTarget "AI Trivia" */ = {
			isa = XCConfigurationList;
			buildConfigurations = (
				1E106EE12AB4762700FA6A6E /* Debug */,
				1E106EE22AB4762700FA6A6E /* Release */,
			);
			defaultConfigurationIsVisible = 0;
			defaultConfigurationName = Release;
		};
		1E106EE32AB4762700FA6A6E /* Build configuration list for PBXNativeTarget "AI TriviaTests" */ = {
			isa = XCConfigurationList;
			buildConfigurations = (
				1E106EE42AB4762700FA6A6E /* Debug */,
				1E106EE52AB4762700FA6A6E /* Release */,
			);
			defaultConfigurationIsVisible = 0;
			defaultConfigurationName = Release;
		};
		1E106EE62AB4762700FA6A6E /* Build configuration list for PBXNativeTarget "AI TriviaUITests" */ = {
			isa = XCConfigurationList;
			buildConfigurations = (
				1E106EE72AB4762700FA6A6E /* Debug */,
				1E106EE82AB4762700FA6A6E /* Release */,
			);
			defaultConfigurationIsVisible = 0;
			defaultConfigurationName = Release;
		};
/* End XCConfigurationList section */
	};
	rootObject = 1E106EB42AB4762600FA6A6E /* Project object */;
}
